<?xml version="1.0" encoding="utf-8"?>
<Project ToolsVersion="4.0" xmlns="http://schemas.microsoft.com/developer/msbuild/2003">
  <ItemGroup>
    <Filter Include="源文件">
      <UniqueIdentifier>{4FC737F1-C7A5-4376-A066-2A32D752A2FF}</UniqueIdentifier>
      <Extensions>cpp;c;cc;cxx;def;odl;idl;hpj;bat;asm;asmx</Extensions>
    </Filter>
    <Filter Include="头文件">
      <UniqueIdentifier>{93995380-89BD-4b04-88EB-625FBE52EBFB}</UniqueIdentifier>
      <Extensions>h;hh;hpp;hxx;hm;inl;inc;xsd</Extensions>
    </Filter>
    <Filter Include="资源文件">
      <UniqueIdentifier>{67DA6AB6-F800-4c08-8B7A-83BB121AAD01}</UniqueIdentifier>
      <Extensions>rc;ico;cur;bmp;dlg;rc2;rct;bin;rgs;gif;jpg;jpeg;jpe;resx;tiff;tif;png;wav;mfcribbon-ms</Extensions>
    </Filter>
  </ItemGroup>
  <ItemGroup>
    <ClCompile Include="TestMain.cpp">
      <Filter>源文件</Filter>
    </ClCompile>
    <ClCompile Include="i2f\commons\io\Reader.cpp">
      <Filter>源文件</Filter>
    </ClCompile>
    <ClCompile Include="i2f\commons\io\Scanner.cpp">
      <Filter>源文件</Filter>
    </ClCompile>
    <ClCompile Include="i2f\commons\io\FileOutputStream.hpp">
      <Filter>源文件</Filter>
    </ClCompile>
  </ItemGroup>
  <ItemGroup>
    <ClInclude Include="i2f\commons\algorithm\Function.hpp">
      <Filter>头文件</Filter>
    </ClInclude>
    <ClInclude Include="i2f\commons\algorithm\Route.hpp">
      <Filter>头文件</Filter>
    </ClInclude>
    <ClInclude Include="i2f\commons\base\Base.hpp">
      <Filter>头文件</Filter>
    </ClInclude>
    <ClInclude Include="i2f\commons\base\Object.hpp">
      <Filter>头文件</Filter>
    </ClInclude>
    <ClInclude Include="i2f\commons\base\String.hpp">
      <Filter>头文件</Filter>
    </ClInclude>
    <ClInclude Include="i2f\commons\codec\Codec.h">
      <Filter>头文件</Filter>
    </ClInclude>
    <ClInclude Include="i2f\commons\container\Array.hpp">
      <Filter>头文件</Filter>
    </ClInclude>
    <ClInclude Include="i2f\commons\container\ArrayList.hpp">
      <Filter>头文件</Filter>
    </ClInclude>
    <ClInclude Include="i2f\commons\container\Container.h">
      <Filter>头文件</Filter>
    </ClInclude>
    <ClInclude Include="i2f\commons\container\HashMap.h">
      <Filter>头文件</Filter>
    </ClInclude>
    <ClInclude Include="i2f\commons\container\HashSet.hpp">
      <Filter>头文件</Filter>
    </ClInclude>
    <ClInclude Include="i2f\commons\container\LinkList.hpp">
      <Filter>头文件</Filter>
    </ClInclude>
    <ClInclude Include="i2f\commons\container\List.h">
      <Filter>头文件</Filter>
    </ClInclude>
    <ClInclude Include="i2f\commons\container\Map.h">
      <Filter>头文件</Filter>
    </ClInclude>
    <ClInclude Include="i2f\commons\container\Matrix2.hpp">
      <Filter>头文件</Filter>
    </ClInclude>
    <ClInclude Include="i2f\commons\container\MultiList.h">
      <Filter>头文件</Filter>
    </ClInclude>
    <ClInclude Include="i2f\commons\container\Queue.h">
      <Filter>头文件</Filter>
    </ClInclude>
    <ClInclude Include="i2f\commons\container\Set.h">
      <Filter>头文件</Filter>
    </ClInclude>
    <ClInclude Include="i2f\commons\container\Stack.h">
      <Filter>头文件</Filter>
    </ClInclude>
    <ClInclude Include="i2f\commons\data\BinaryTreeNode.hpp">
      <Filter>头文件</Filter>
    </ClInclude>
    <ClInclude Include="i2f\commons\data\DoubleListNode.hpp">
      <Filter>头文件</Filter>
    </ClInclude>
    <ClInclude Include="i2f\commons\data\Entry.hpp">
      <Filter>头文件</Filter>
    </ClInclude>
    <ClInclude Include="i2f\commons\data\SingleListNode.hpp">
      <Filter>头文件</Filter>
    </ClInclude>
    <ClInclude Include="i2f\commons\encode\Basex.hpp">
      <Filter>头文件</Filter>
    </ClInclude>
    <ClInclude Include="i2f\commons\encode\Hexx.hpp">
      <Filter>头文件</Filter>
    </ClInclude>
    <ClInclude Include="i2f\commons\graphics\g2d\g2d.h">
      <Filter>头文件</Filter>
    </ClInclude>
    <ClInclude Include="i2f\commons\graphics\g2d\Line2d.h">
      <Filter>头文件</Filter>
    </ClInclude>
    <ClInclude Include="i2f\commons\graphics\g2d\Point2d.h">
      <Filter>头文件</Filter>
    </ClInclude>
    <ClInclude Include="i2f\commons\graphics\g3d\g3d.h">
      <Filter>头文件</Filter>
    </ClInclude>
    <ClInclude Include="i2f\commons\graphics\g3d\Line3d.h">
      <Filter>头文件</Filter>
    </ClInclude>
    <ClInclude Include="i2f\commons\graphics\g3d\Point3d.h">
      <Filter>头文件</Filter>
    </ClInclude>
    <ClInclude Include="i2f\commons\graphics\Graphics.h">
      <Filter>头文件</Filter>
    </ClInclude>
    <ClInclude Include="i2f\commons\interface\impl\AdaptExecutor.hpp">
      <Filter>头文件</Filter>
    </ClInclude>
    <ClInclude Include="i2f\commons\interface\impl\DefaultComparator.hpp">
      <Filter>头文件</Filter>
    </ClInclude>
    <ClInclude Include="i2f\commons\interface\impl\PrintExecutor.hpp">
      <Filter>头文件</Filter>
    </ClInclude>
    <ClInclude Include="i2f\commons\interface\Closeable.h">
      <Filter>头文件</Filter>
    </ClInclude>
    <ClInclude Include="i2f\commons\interface\IComparator.h">
      <Filter>头文件</Filter>
    </ClInclude>
    <ClInclude Include="i2f\commons\interface\IDoubleDirectionIterator.h">
      <Filter>头文件</Filter>
    </ClInclude>
    <ClInclude Include="i2f\commons\interface\IEquals.h">
      <Filter>头文件</Filter>
    </ClInclude>
    <ClInclude Include="i2f\commons\interface\IExecutor.h">
      <Filter>头文件</Filter>
    </ClInclude>
    <ClInclude Include="i2f\commons\interface\IFilter.h">
      <Filter>头文件</Filter>
    </ClInclude>
    <ClInclude Include="i2f\commons\interface\IHashCode.h">
      <Filter>头文件</Filter>
    </ClInclude>
    <ClInclude Include="i2f\commons\interface\IHashEquals.h">
      <Filter>头文件</Filter>
    </ClInclude>
    <ClInclude Include="i2f\commons\interface\IIterable.h">
      <Filter>头文件</Filter>
    </ClInclude>
    <ClInclude Include="i2f\commons\interface\IIterator.h">
      <Filter>头文件</Filter>
    </ClInclude>
    <ClInclude Include="i2f\commons\interface\IMapper.h">
      <Filter>头文件</Filter>
    </ClInclude>
    <ClInclude Include="i2f\commons\interface\IRandomAccessor.h">
      <Filter>头文件</Filter>
    </ClInclude>
    <ClInclude Include="i2f\commons\interface\IReverseIterator.h">
      <Filter>头文件</Filter>
    </ClInclude>
    <ClInclude Include="i2f\commons\interface\ISeekableIterator.h">
      <Filter>头文件</Filter>
    </ClInclude>
    <ClInclude Include="i2f\commons\io\InputStream.h">
      <Filter>头文件</Filter>
    </ClInclude>
    <ClInclude Include="i2f\commons\io\Reader.h">
      <Filter>头文件</Filter>
    </ClInclude>
    <ClInclude Include="i2f\commons\io\Scanner.h">
      <Filter>头文件</Filter>
    </ClInclude>
    <ClInclude Include="i2f\commons\math\Math.h">
      <Filter>头文件</Filter>
    </ClInclude>
    <ClInclude Include="i2f\dev\Dev.hpp">
      <Filter>头文件</Filter>
    </ClInclude>
    <ClInclude Include="i2f\commons\io\OutputStream.h">
      <Filter>头文件</Filter>
    </ClInclude>
    <ClInclude Include="i2f\commons\io\IoUtil.hpp">
      <Filter>头文件</Filter>
    </ClInclude>
    <ClInclude Include="i2f\commons\io\FileInputStream.hpp">
      <Filter>头文件</Filter>
    </ClInclude>
    <ClInclude Include="i2f\commons\io\ByteArrayInputStream.hpp">
      <Filter>头文件</Filter>
    </ClInclude>
    <ClInclude Include="i2f\commons\io\ByteArrayOutputStream.hpp">
      <Filter>头文件</Filter>
    </ClInclude>
  </ItemGroup>
</Project>